name: rime2
channels:
  - defaults
dependencies:
  - aom=3.12.1
  - appnope=0.1.4
  - asttokens=3.0.0
  - blas=1.0
  - bzip2=1.0.8
  - ca-certificates=2025.9.9
  - cairo=1.18.4
  - comm=0.2.1
  - dav1d=1.2.1
  - debugpy=1.8.16
  - decorator=5.2.1
  - exceptiongroup=1.2.0
  - executing=2.2.1
  - expat=2.7.1
  - ffmpeg=6.1.1
  - filelock=3.17.0
  - fontconfig=2.15.0
  - freetype=2.13.3
  - fribidi=1.0.10
  - fsspec=2025.7.0
  - gdk-pixbuf=2.42.10
  - gettext=0.21.0
  - giflib=5.2.2
  - glib=2.84.2
  - glib-tools=2.84.2
  - gmp=6.3.0
  - gmpy2=2.2.1
  - graphite2=1.3.14
  - harfbuzz=10.2.0
  - icu=73.1
  - imageio=2.37.0
  - importlib-metadata=8.5.0
  - ipykernel=6.30.1
  - ipython=8.30.0
  - jedi=0.19.2
  - jinja2=3.1.6
  - jpeg=9f
  - jupyter_client=8.6.3
  - jupyter_core=5.8.1
  - lame=3.100
  - lazy_loader=0.4
  - lcms2=2.16
  - leptonica=1.82.0
  - lerc=4.0.0
  - libabseil=20250127.0
  - libarchive=3.8.1
  - libcxx=20.1.8
  - libdeflate=1.22
  - libffi=3.4.4
  - libgfortran=5.0.0
  - libgfortran5=11.3.0
  - libglib=2.84.2
  - libiconv=1.16
  - libogg=1.3.5
  - libopenblas=0.3.30
  - libopus=1.3.1
  - libpng=1.6.39
  - libprotobuf=5.29.3
  - librsvg=2.56.3
  - libsodium=1.0.20
  - libtheora=1.2.0
  - libtiff=4.7.0
  - libtorch=2.5.1
  - libuv=1.48.0
  - libvorbis=1.3.7
  - libvpx=1.13.1
  - libwebp=1.3.2
  - libwebp-base=1.3.2
  - libxml2=2.13.8
  - libzlib=1.3.1
  - llvm-openmp=20.1.8
  - lz4-c=1.9.4
  - markupsafe=3.0.2
  - matplotlib-inline=0.1.7
  - mpc=1.3.1
  - mpfr=4.2.1
  - mpmath=1.3.0
  - ncurses=6.5
  - nest-asyncio=1.6.0
  - networkx=3.4.2
  - nomkl=3.0
  - numpy=1.26.4
  - numpy-base=1.26.4
  - openh264=2.6.0
  - openjpeg=2.5.2
  - openssl=3.0.18
  - opentelemetry-api=1.37.0
  - packaging=25.0
  - pango=1.50.7
  - parso=0.8.4
  - pcre2=10.42
  - pexpect=4.9.0
  - pillow=11.1.0
  - pip=25.2
  - pixman=0.46.4
  - platformdirs=4.3.7
  - prompt-toolkit=3.0.52
  - prompt_toolkit=3.0.52
  - psutil=7.0.0
  - ptyprocess=0.7.0
  - pure_eval=0.2.3
  - pygments=2.19.1
  - python=3.10.19
  - python-dateutil=2.9.0post0
  - pytorch=2.5.1
  - pyzmq=27.1.0
  - readline=8.3
  - scikit-image=0.22.0
  - scipy=1.15.3
  - setuptools=80.9.0
  - six=1.17.0
  - sleef=3.5.1
  - sqlite=3.50.2
  - stack_data=0.6.3
  - sympy=1.14.0
  - tesseract=5.2.0
  - tifffile=2025.2.18
  - tk=8.6.15
  - torchaudio=2.5.1
  - torchvision=0.20.1
  - tornado=6.5.1
  - traitlets=5.14.3
  - typing-extensions=4.15.0
  - typing_extensions=4.15.0
  - tzdata=2025b
  - wcwidth=0.2.13
  - wheel=0.45.1
  - xz=5.6.4
  - zeromq=4.3.5
  - zipp=3.21.0
  - zlib=1.3.1
  - zstd=1.5.7
  - pip:
    - absl-py==2.3.1
    - attrs==25.4.0
    - certifi==2025.10.5
    - charset-normalizer==3.4.4
    - cloudpickle==3.1.1
    - dm-control==1.0.19
    - dm-env==1.6
    - dm-tree==0.1.9
    - etils==1.13.0
    - glfw==2.10.0
    - gym==0.26.2
    - gym-notices==0.1.0
    - idna==3.11
    - importlib-resources==6.5.2
    - labmaze==1.0.6
    - lxml==6.0.2
    - mujoco==3.1.5
    - protobuf==6.33.0
    - pyopengl==3.1.10
    - pyparsing==3.2.5
    - requests==2.32.5
    - tqdm==4.67.1
    - urllib3==2.5.0
    - wrapt==2.0.0
